
Microsoft Visual Studio Solution File, Format Version 12.00
# Visual Studio Version 17
VisualStudioVersion = 17.6.33815.320
MinimumVisualStudioVersion = 10.0.40219.1
Project("{FAE04EC0-301F-11D3-BF4B-00C04F79EFBC}") = "TFlex.CAD.Command.User", "TFlex.CAD.Command.User\TFlex.CAD.Command.User.csproj", "{A6B0B9A5-B66A-4FCD-8D89-3E5694D3C11F}"
EndProject
Global
	GlobalSection(SolutionConfigurationPlatforms) = preSolution
		Debug|Any CPU = Debug|Any CPU
		Release|Any CPU = Release|Any CPU
	EndGlobalSection
	GlobalSection(ProjectConfigurationPlatforms) = postSolution
		{A6B0B9A5-B66A-4FCD-8D89-3E5694D3C11F}.Debug|Any CPU.ActiveCfg = Debug|Any CPU
		{A6B0B9A5-B66A-4FCD-8D89-3E5694D3C11F}.Debug|Any CPU.Build.0 = Debug|Any CPU
		{A6B0B9A5-B66A-4FCD-8D89-3E5694D3C11F}.Release|Any CPU.ActiveCfg = Release|Any CPU
		{A6B0B9A5-B66A-4FCD-8D89-3E5694D3C11F}.Release|Any CPU.Build.0 = Release|Any CPU
	EndGlobalSection
	GlobalSection(SolutionProperties) = preSolution
		HideSolutionNode = FALSE
	EndGlobalSection
	GlobalSection(ExtensibilityGlobals) = postSolution
		SolutionGuid = {27D26838-4F56-4F59-810D-C97D254FFF20}
	EndGlobalSection
EndGlobal
